{
  "requires": true,
  "lockfileVersion": 1,
  "dependencies": {
    "hideshowpassword": {
      "version": "2.1.1",
      "resolved": "https://registry.npmjs.org/hideshowpassword/-/hideshowpassword-2.1.1.tgz",
      "integrity": "sha512-/5s2JeMDzMI9xNE77yZpw07jN+pcc91Rk9k7vv4YkA7DzjXre9qgMKpgg75zNwI6OITK7rLV2S4aaFLAdDsqNw==",
      "requires": {
        "jquery": ">=1.11"
      }
    },
    "jquery": {
      "version": "3.4.1",
      "resolved": "https://registry.npmjs.org/jquery/-/jquery-3.4.1.tgz",
      "integrity": "sha512-36+AdBzCL+y6qjw5Tx7HgzeGCzC81MDDgaUP8ld2zhx58HdqXGoBd+tHdrBMiyjGQs0Hxs/MLZTu/eHNJJuWPw=="
    }
  }
}
